Microsoft Visual Studio Solution File, Format Version 12.00
# Visual Studio Version 17
VisualStudioVersion = 17.0.31410.357
MinimumVisualStudioVersion = 10.0.40219.1
Project("{9A19103F-16F7-4668-BE54-9A1E7A4F7556}") = "RecipeApp", "RecipeApp\RecipeApp.csproj", "{8D73F6F7-4D5C-445E-8E47-4E45A4F0B9E1}"
EndProject
Project("{9A19103F-16F7-4668-BE54-9A1E7A4F7556}") = "RecipeApp2", "RecipeApp2\RecipeApp2.csproj", "{3D2D6F4E-CC4B-4C74-B5A7-9984D3DBD953}"
EndProject
Global
	GlobalSection(SolutionConfigurationPlatforms) = preSolution
		Debug|Any CPU = Debug|Any CPU
		Release|Any CPU = Release|Any CPU
	EndGlobalSection
	GlobalSection(ProjectConfigurationPlatforms) = postSolution
		{8D73F6F7-4D5C-445E-8E47-4E45A4F0B9E1}.Debug|Any CPU.ActiveCfg = Debug|Any CPU
		{8D73F6F7-4D5C-445E-8E47-4E45A4F0B9E1}.Debug|Any CPU.Build.0 = Debug|Any CPU
		{8D73F6F7-4D5C-445E-8E47-4E45A4F0B9E1}.Release|Any CPU.ActiveCfg = Release|Any CPU
		{8D73F6F7-4D5C-445E-8E47-4E45A4F0B9E1}.Release|Any CPU.Build.0 = Release|Any CPU
		{3D2D6F4E-CC4B-4C74-B5A7-9984D3DBD953}.Debug|Any CPU.ActiveCfg = Debug|Any CPU
		{3D2D6F4E-CC4B-4C74-B5A7-9984D3DBD953}.Debug|Any CPU.Build.0 = Debug|Any CPU
		{3D2D6F4E-CC4B-4C74-B5A7-9984D3DBD953}.Release|Any CPU.ActiveCfg = Release|Any CPU
		{3D2D6F4E-CC4B-4C74-B5A7-9984D3DBD953}.Release|Any CPU.Build.0 = Release|Any CPU
	EndGlobalSection
	GlobalSection(SolutionProperties) = preSolution
		HideSolutionNode = FALSE
	EndGlobalSection
EndGlobal
